
Microsoft Visual Studio Solution File, Format Version 12.00
# Visual Studio 15
VisualStudioVersion = 15.0.28307.1169
MinimumVisualStudioVersion = 10.0.40219.1
Project("{FAE04EC0-301F-11D3-BF4B-00C04F79EFBC}") = "StringCalculator", "StringCalculator\StringCalculator.csproj", "{C1249858-3133-43D7-83E2-F07D0A0E8718}"
EndProject
Project("{FAE04EC0-301F-11D3-BF4B-00C04F79EFBC}") = "StringCalculatorTest", "StringCalculatorTest\StringCalculatorTest.csproj", "{FF74CA6A-7BAE-48F3-A671-98FFA2B3518B}"
EndProject
Global
	GlobalSection(SolutionConfigurationPlatforms) = preSolution
		Debug|Any CPU = Debug|Any CPU
		Release|Any CPU = Release|Any CPU
	EndGlobalSection
	GlobalSection(ProjectConfigurationPlatforms) = postSolution
		{C1249858-3133-43D7-83E2-F07D0A0E8718}.Debug|Any CPU.ActiveCfg = Debug|Any CPU
		{C1249858-3133-43D7-83E2-F07D0A0E8718}.Debug|Any CPU.Build.0 = Debug|Any CPU
		{C1249858-3133-43D7-83E2-F07D0A0E8718}.Release|Any CPU.ActiveCfg = Release|Any CPU
		{C1249858-3133-43D7-83E2-F07D0A0E8718}.Release|Any CPU.Build.0 = Release|Any CPU
		{FF74CA6A-7BAE-48F3-A671-98FFA2B3518B}.Debug|Any CPU.ActiveCfg = Debug|Any CPU
		{FF74CA6A-7BAE-48F3-A671-98FFA2B3518B}.Debug|Any CPU.Build.0 = Debug|Any CPU
		{FF74CA6A-7BAE-48F3-A671-98FFA2B3518B}.Release|Any CPU.ActiveCfg = Release|Any CPU
		{FF74CA6A-7BAE-48F3-A671-98FFA2B3518B}.Release|Any CPU.Build.0 = Release|Any CPU
	EndGlobalSection
	GlobalSection(SolutionProperties) = preSolution
		HideSolutionNode = FALSE
	EndGlobalSection
	GlobalSection(ExtensibilityGlobals) = postSolution
		SolutionGuid = {556DBE68-4662-41E7-92F8-C4AFE09E19ED}
	EndGlobalSection
EndGlobal
